
Microsoft Visual Studio Solution File, Format Version 12.00
# Visual Studio Version 16
VisualStudioVersion = 16.0.31025.218
MinimumVisualStudioVersion = 10.0.40219.1
Project("{FAE04EC0-301F-11D3-BF4B-00C04F79EFBC}") = "PropertyExplorerDemo.UWP", "PropertyExplorerDemo\PropertyExplorerDemo.UWP\PropertyExplorerDemo.UWP.csproj", "{AB8A18C2-C010-4AF3-B6AC-2FE5E192FB06}"
EndProject
Project("{FAE04EC0-301F-11D3-BF4B-00C04F79EFBC}") = "PropertyExplorerDemo.Android", "PropertyExplorerDemo\PropertyExplorerDemo.Android\PropertyExplorerDemo.Android.csproj", "{F9A0F9CB-6A87-499F-BDA7-626CC764A8D2}"
EndProject
Project("{FAE04EC0-301F-11D3-BF4B-00C04F79EFBC}") = "PropertyExplorerDemo.iOS", "PropertyExplorerDemo\PropertyExplorerDemo.iOS\PropertyExplorerDemo.iOS.csproj", "{8C35ADBF-5CDC-4C06-8842-D6809B6610CA}"
EndProject
Project("{FAE04EC0-301F-11D3-BF4B-00C04F79EFBC}") = "PropertyExplorerDemo", "PropertyExplorerDemo\PropertyExplorerDemo\PropertyExplorerDemo.csproj", "{0BA6C120-8A49-49CD-A8BC-760D26548E7F}"
EndProject
Global
	GlobalSection(SolutionConfigurationPlatforms) = preSolution
		Debug|Any CPU = Debug|Any CPU
		Debug|ARM = Debug|ARM
		Debug|iPhone = Debug|iPhone
		Debug|iPhoneSimulator = Debug|iPhoneSimulator
		Debug|x64 = Debug|x64
		Debug|x86 = Debug|x86
		Release|Any CPU = Release|Any CPU
		Release|ARM = Release|ARM
		Release|iPhone = Release|iPhone
		Release|iPhoneSimulator = Release|iPhoneSimulator
		Release|x64 = Release|x64
		Release|x86 = Release|x86
	EndGlobalSection
	GlobalSection(ProjectConfigurationPlatforms) = postSolution
		{AB8A18C2-C010-4AF3-B6AC-2FE5E192FB06}.Debug|Any CPU.ActiveCfg = Debug|x86
		{AB8A18C2-C010-4AF3-B6AC-2FE5E192FB06}.Debug|Any CPU.Build.0 = Debug|x86
		{AB8A18C2-C010-4AF3-B6AC-2FE5E192FB06}.Debug|Any CPU.Deploy.0 = Debug|x86
		{AB8A18C2-C010-4AF3-B6AC-2FE5E192FB06}.Debug|ARM.ActiveCfg = Debug|ARM
		{AB8A18C2-C010-4AF3-B6AC-2FE5E192FB06}.Debug|ARM.Build.0 = Debug|ARM
		{AB8A18C2-C010-4AF3-B6AC-2FE5E192FB06}.Debug|ARM.Deploy.0 = Debug|ARM
		{AB8A18C2-C010-4AF3-B6AC-2FE5E192FB06}.Debug|iPhone.ActiveCfg = Debug|x86
		{AB8A18C2-C010-4AF3-B6AC-2FE5E192FB06}.Debug|iPhone.Build.0 = Debug|x86
		{AB8A18C2-C010-4AF3-B6AC-2FE5E192FB06}.Debug|iPhone.Deploy.0 = Debug|x86
		{AB8A18C2-C010-4AF3-B6AC-2FE5E192FB06}.Debug|iPhoneSimulator.ActiveCfg = Debug|x86
		{AB8A18C2-C010-4AF3-B6AC-2FE5E192FB06}.Debug|iPhoneSimulator.Build.0 = Debug|x86
		{AB8A18C2-C010-4AF3-B6AC-2FE5E192FB06}.Debug|iPhoneSimulator.Deploy.0 = Debug|x86
		{AB8A18C2-C010-4AF3-B6AC-2FE5E192FB06}.Debug|x64.ActiveCfg = Debug|x64
		{AB8A18C2-C010-4AF3-B6AC-2FE5E192FB06}.Debug|x64.Build.0 = Debug|x64
		{AB8A18C2-C010-4AF3-B6AC-2FE5E192FB06}.Debug|x64.Deploy.0 = Debug|x64
		{AB8A18C2-C010-4AF3-B6AC-2FE5E192FB06}.Debug|x86.ActiveCfg = Debug|x86
		{AB8A18C2-C010-4AF3-B6AC-2FE5E192FB06}.Debug|x86.Build.0 = Debug|x86
		{AB8A18C2-C010-4AF3-B6AC-2FE5E192FB06}.Debug|x86.Deploy.0 = Debug|x86
		{AB8A18C2-C010-4AF3-B6AC-2FE5E192FB06}.Release|Any CPU.ActiveCfg = Release|x86
		{AB8A18C2-C010-4AF3-B6AC-2FE5E192FB06}.Release|Any CPU.Build.0 = Release|x86
		{AB8A18C2-C010-4AF3-B6AC-2FE5E192FB06}.Release|Any CPU.Deploy.0 = Release|x86
		{AB8A18C2-C010-4AF3-B6AC-2FE5E192FB06}.Release|ARM.ActiveCfg = Release|ARM
		{AB8A18C2-C010-4AF3-B6AC-2FE5E192FB06}.Release|ARM.Build.0 = Release|ARM
		{AB8A18C2-C010-4AF3-B6AC-2FE5E192FB06}.Release|ARM.Deploy.0 = Release|ARM
		{AB8A18C2-C010-4AF3-B6AC-2FE5E192FB06}.Release|iPhone.ActiveCfg = Release|x86
		{AB8A18C2-C010-4AF3-B6AC-2FE5E192FB06}.Release|iPhone.Build.0 = Release|x86
		{AB8A18C2-C010-4AF3-B6AC-2FE5E192FB06}.Release|iPhone.Deploy.0 = Release|x86
		{AB8A18C2-C010-4AF3-B6AC-2FE5E192FB06}.Release|iPhoneSimulator.ActiveCfg = Release|x86
		{AB8A18C2-C010-4AF3-B6AC-2FE5E192FB06}.Release|iPhoneSimulator.Build.0 = Release|x86
		{AB8A18C2-C010-4AF3-B6AC-2FE5E192FB06}.Release|iPhoneSimulator.Deploy.0 = Release|x86
		{AB8A18C2-C010-4AF3-B6AC-2FE5E192FB06}.Release|x64.ActiveCfg = Release|x64
		{AB8A18C2-C010-4AF3-B6AC-2FE5E192FB06}.Release|x64.Build.0 = Release|x64
		{AB8A18C2-C010-4AF3-B6AC-2FE5E192FB06}.Release|x64.Deploy.0 = Release|x64
		{AB8A18C2-C010-4AF3-B6AC-2FE5E192FB06}.Release|x86.ActiveCfg = Release|x86
		{AB8A18C2-C010-4AF3-B6AC-2FE5E192FB06}.Release|x86.Build.0 = Release|x86
		{AB8A18C2-C010-4AF3-B6AC-2FE5E192FB06}.Release|x86.Deploy.0 = Release|x86
		{F9A0F9CB-6A87-499F-BDA7-626CC764A8D2}.Debug|Any CPU.ActiveCfg = Debug|Any CPU
		{F9A0F9CB-6A87-499F-BDA7-626CC764A8D2}.Debug|Any CPU.Build.0 = Debug|Any CPU
		{F9A0F9CB-6A87-499F-BDA7-626CC764A8D2}.Debug|Any CPU.Deploy.0 = Debug|Any CPU
		{F9A0F9CB-6A87-499F-BDA7-626CC764A8D2}.Debug|ARM.ActiveCfg = Debug|Any CPU
		{F9A0F9CB-6A87-499F-BDA7-626CC764A8D2}.Debug|ARM.Build.0 = Debug|Any CPU
		{F9A0F9CB-6A87-499F-BDA7-626CC764A8D2}.Debug|ARM.Deploy.0 = Debug|Any CPU
		{F9A0F9CB-6A87-499F-BDA7-626CC764A8D2}.Debug|iPhone.ActiveCfg = Debug|Any CPU
		{F9A0F9CB-6A87-499F-BDA7-626CC764A8D2}.Debug|iPhone.Build.0 = Debug|Any CPU
		{F9A0F9CB-6A87-499F-BDA7-626CC764A8D2}.Debug|iPhone.Deploy.0 = Debug|Any CPU
		{F9A0F9CB-6A87-499F-BDA7-626CC764A8D2}.Debug|iPhoneSimulator.ActiveCfg = Debug|Any CPU
		{F9A0F9CB-6A87-499F-BDA7-626CC764A8D2}.Debug|iPhoneSimulator.Build.0 = Debug|Any CPU
		{F9A0F9CB-6A87-499F-BDA7-626CC764A8D2}.Debug|iPhoneSimulator.Deploy.0 = Debug|Any CPU
		{F9A0F9CB-6A87-499F-BDA7-626CC764A8D2}.Debug|x64.ActiveCfg = Debug|Any CPU
		{F9A0F9CB-6A87-499F-BDA7-626CC764A8D2}.Debug|x64.Build.0 = Debug|Any CPU
		{F9A0F9CB-6A87-499F-BDA7-626CC764A8D2}.Debug|x64.Deploy.0 = Debug|Any CPU
		{F9A0F9CB-6A87-499F-BDA7-626CC764A8D2}.Debug|x86.ActiveCfg = Debug|Any CPU
		{F9A0F9CB-6A87-499F-BDA7-626CC764A8D2}.Debug|x86.Build.0 = Debug|Any CPU
		{F9A0F9CB-6A87-499F-BDA7-626CC764A8D2}.Debug|x86.Deploy.0 = Debug|Any CPU
		{F9A0F9CB-6A87-499F-BDA7-626CC764A8D2}.Release|Any CPU.ActiveCfg = Release|Any CPU
		{F9A0F9CB-6A87-499F-BDA7-626CC764A8D2}.Release|Any CPU.Build.0 = Release|Any CPU
		{F9A0F9CB-6A87-499F-BDA7-626CC764A8D2}.Release|Any CPU.Deploy.0 = Release|Any CPU
		{F9A0F9CB-6A87-499F-BDA7-626CC764A8D2}.Release|ARM.ActiveCfg = Release|Any CPU
		{F9A0F9CB-6A87-499F-BDA7-626CC764A8D2}.Release|ARM.Build.0 = Release|Any CPU
		{F9A0F9CB-6A87-499F-BDA7-626CC764A8D2}.Release|ARM.Deploy.0 = Release|Any CPU
		{F9A0F9CB-6A87-499F-BDA7-626CC764A8D2}.Release|iPhone.ActiveCfg = Release|Any CPU
		{F9A0F9CB-6A87-499F-BDA7-626CC764A8D2}.Release|iPhone.Build.0 = Release|Any CPU
		{F9A0F9CB-6A87-499F-BDA7-626CC764A8D2}.Release|iPhone.Deploy.0 = Release|Any CPU
		{F9A0F9CB-6A87-499F-BDA7-626CC764A8D2}.Release|iPhoneSimulator.ActiveCfg = Release|Any CPU
		{F9A0F9CB-6A87-499F-BDA7-626CC764A8D2}.Release|iPhoneSimulator.Build.0 = Release|Any CPU
		{F9A0F9CB-6A87-499F-BDA7-626CC764A8D2}.Release|iPhoneSimulator.Deploy.0 = Release|Any CPU
		{F9A0F9CB-6A87-499F-BDA7-626CC764A8D2}.Release|x64.ActiveCfg = Release|Any CPU
		{F9A0F9CB-6A87-499F-BDA7-626CC764A8D2}.Release|x64.Build.0 = Release|Any CPU
		{F9A0F9CB-6A87-499F-BDA7-626CC764A8D2}.Release|x64.Deploy.0 = Release|Any CPU
		{F9A0F9CB-6A87-499F-BDA7-626CC764A8D2}.Release|x86.ActiveCfg = Release|Any CPU
		{F9A0F9CB-6A87-499F-BDA7-626CC764A8D2}.Release|x86.Build.0 = Release|Any CPU
		{F9A0F9CB-6A87-499F-BDA7-626CC764A8D2}.Release|x86.Deploy.0 = Release|Any CPU
		{8C35ADBF-5CDC-4C06-8842-D6809B6610CA}.Debug|Any CPU.ActiveCfg = Debug|iPhoneSimulator
		{8C35ADBF-5CDC-4C06-8842-D6809B6610CA}.Debug|Any CPU.Build.0 = Debug|iPhoneSimulator
		{8C35ADBF-5CDC-4C06-8842-D6809B6610CA}.Debug|Any CPU.Deploy.0 = Debug|iPhoneSimulator
		{8C35ADBF-5CDC-4C06-8842-D6809B6610CA}.Debug|ARM.ActiveCfg = Debug|iPhone
		{8C35ADBF-5CDC-4C06-8842-D6809B6610CA}.Debug|ARM.Build.0 = Debug|iPhone
		{8C35ADBF-5CDC-4C06-8842-D6809B6610CA}.Debug|ARM.Deploy.0 = Debug|iPhone
		{8C35ADBF-5CDC-4C06-8842-D6809B6610CA}.Debug|iPhone.ActiveCfg = Debug|iPhone
		{8C35ADBF-5CDC-4C06-8842-D6809B6610CA}.Debug|iPhone.Build.0 = Debug|iPhone
		{8C35ADBF-5CDC-4C06-8842-D6809B6610CA}.Debug|iPhone.Deploy.0 = Debug|iPhone
		{8C35ADBF-5CDC-4C06-8842-D6809B6610CA}.Debug|iPhoneSimulator.ActiveCfg = Debug|iPhoneSimulator
		{8C35ADBF-5CDC-4C06-8842-D6809B6610CA}.Debug|iPhoneSimulator.Build.0 = Debug|iPhoneSimulator
		{8C35ADBF-5CDC-4C06-8842-D6809B6610CA}.Debug|iPhoneSimulator.Deploy.0 = Debug|iPhoneSimulator
		{8C35ADBF-5CDC-4C06-8842-D6809B6610CA}.Debug|x64.ActiveCfg = Debug|iPhoneSimulator
		{8C35ADBF-5CDC-4C06-8842-D6809B6610CA}.Debug|x64.Build.0 = Debug|iPhoneSimulator
		{8C35ADBF-5CDC-4C06-8842-D6809B6610CA}.Debug|x64.Deploy.0 = Debug|iPhoneSimulator
		{8C35ADBF-5CDC-4C06-8842-D6809B6610CA}.Debug|x86.ActiveCfg = Debug|iPhoneSimulator
		{8C35ADBF-5CDC-4C06-8842-D6809B6610CA}.Debug|x86.Build.0 = Debug|iPhoneSimulator
		{8C35ADBF-5CDC-4C06-8842-D6809B6610CA}.Debug|x86.Deploy.0 = Debug|iPhoneSimulator
		{8C35ADBF-5CDC-4C06-8842-D6809B6610CA}.Release|Any CPU.ActiveCfg = Release|iPhoneSimulator
		{8C35ADBF-5CDC-4C06-8842-D6809B6610CA}.Release|Any CPU.Build.0 = Release|iPhoneSimulator
		{8C35ADBF-5CDC-4C06-8842-D6809B6610CA}.Release|Any CPU.Deploy.0 = Release|iPhoneSimulator
		{8C35ADBF-5CDC-4C06-8842-D6809B6610CA}.Release|ARM.ActiveCfg = Release|iPhoneSimulator
		{8C35ADBF-5CDC-4C06-8842-D6809B6610CA}.Release|ARM.Build.0 = Release|iPhoneSimulator
		{8C35ADBF-5CDC-4C06-8842-D6809B6610CA}.Release|ARM.Deploy.0 = Release|iPhoneSimulator
		{8C35ADBF-5CDC-4C06-8842-D6809B6610CA}.Release|iPhone.ActiveCfg = Release|iPhone
		{8C35ADBF-5CDC-4C06-8842-D6809B6610CA}.Release|iPhone.Build.0 = Release|iPhone
		{8C35ADBF-5CDC-4C06-8842-D6809B6610CA}.Release|iPhone.Deploy.0 = Release|iPhone
		{8C35ADBF-5CDC-4C06-8842-D6809B6610CA}.Release|iPhoneSimulator.ActiveCfg = Release|iPhoneSimulator
		{8C35ADBF-5CDC-4C06-8842-D6809B6610CA}.Release|iPhoneSimulator.Build.0 = Release|iPhoneSimulator
		{8C35ADBF-5CDC-4C06-8842-D6809B6610CA}.Release|iPhoneSimulator.Deploy.0 = Release|iPhoneSimulator
		{8C35ADBF-5CDC-4C06-8842-D6809B6610CA}.Release|x64.ActiveCfg = Release|iPhoneSimulator
		{8C35ADBF-5CDC-4C06-8842-D6809B6610CA}.Release|x64.Build.0 = Release|iPhoneSimulator
		{8C35ADBF-5CDC-4C06-8842-D6809B6610CA}.Release|x64.Deploy.0 = Release|iPhoneSimulator
		{8C35ADBF-5CDC-4C06-8842-D6809B6610CA}.Release|x86.ActiveCfg = Release|iPhoneSimulator
		{8C35ADBF-5CDC-4C06-8842-D6809B6610CA}.Release|x86.Build.0 = Release|iPhoneSimulator
		{8C35ADBF-5CDC-4C06-8842-D6809B6610CA}.Release|x86.Deploy.0 = Release|iPhoneSimulator
		{0BA6C120-8A49-49CD-A8BC-760D26548E7F}.Debug|Any CPU.ActiveCfg = Debug|Any CPU
		{0BA6C120-8A49-49CD-A8BC-760D26548E7F}.Debug|Any CPU.Build.0 = Debug|Any CPU
		{0BA6C120-8A49-49CD-A8BC-760D26548E7F}.Debug|Any CPU.Deploy.0 = Debug|Any CPU
		{0BA6C120-8A49-49CD-A8BC-760D26548E7F}.Debug|ARM.ActiveCfg = Debug|Any CPU
		{0BA6C120-8A49-49CD-A8BC-760D26548E7F}.Debug|ARM.Build.0 = Debug|Any CPU
		{0BA6C120-8A49-49CD-A8BC-760D26548E7F}.Debug|ARM.Deploy.0 = Debug|Any CPU
		{0BA6C120-8A49-49CD-A8BC-760D26548E7F}.Debug|iPhone.ActiveCfg = Debug|Any CPU
		{0BA6C120-8A49-49CD-A8BC-760D26548E7F}.Debug|iPhone.Build.0 = Debug|Any CPU
		{0BA6C120-8A49-49CD-A8BC-760D26548E7F}.Debug|iPhone.Deploy.0 = Debug|Any CPU
		{0BA6C120-8A49-49CD-A8BC-760D26548E7F}.Debug|iPhoneSimulator.ActiveCfg = Debug|Any CPU
		{0BA6C120-8A49-49CD-A8BC-760D26548E7F}.Debug|iPhoneSimulator.Build.0 = Debug|Any CPU
		{0BA6C120-8A49-49CD-A8BC-760D26548E7F}.Debug|iPhoneSimulator.Deploy.0 = Debug|Any CPU
		{0BA6C120-8A49-49CD-A8BC-760D26548E7F}.Debug|x64.ActiveCfg = Debug|Any CPU
		{0BA6C120-8A49-49CD-A8BC-760D26548E7F}.Debug|x64.Build.0 = Debug|Any CPU
		{0BA6C120-8A49-49CD-A8BC-760D26548E7F}.Debug|x64.Deploy.0 = Debug|Any CPU
		{0BA6C120-8A49-49CD-A8BC-760D26548E7F}.Debug|x86.ActiveCfg = Debug|Any CPU
		{0BA6C120-8A49-49CD-A8BC-760D26548E7F}.Debug|x86.Build.0 = Debug|Any CPU
		{0BA6C120-8A49-49CD-A8BC-760D26548E7F}.Debug|x86.Deploy.0 = Debug|Any CPU
		{0BA6C120-8A49-49CD-A8BC-760D26548E7F}.Release|Any CPU.ActiveCfg = Release|Any CPU
		{0BA6C120-8A49-49CD-A8BC-760D26548E7F}.Release|Any CPU.Build.0 = Release|Any CPU
		{0BA6C120-8A49-49CD-A8BC-760D26548E7F}.Release|Any CPU.Deploy.0 = Release|Any CPU
		{0BA6C120-8A49-49CD-A8BC-760D26548E7F}.Release|ARM.ActiveCfg = Release|Any CPU
		{0BA6C120-8A49-49CD-A8BC-760D26548E7F}.Release|ARM.Build.0 = Release|Any CPU
		{0BA6C120-8A49-49CD-A8BC-760D26548E7F}.Release|ARM.Deploy.0 = Release|Any CPU
		{0BA6C120-8A49-49CD-A8BC-760D26548E7F}.Release|iPhone.ActiveCfg = Release|Any CPU
		{0BA6C120-8A49-49CD-A8BC-760D26548E7F}.Release|iPhone.Build.0 = Release|Any CPU
		{0BA6C120-8A49-49CD-A8BC-760D26548E7F}.Release|iPhone.Deploy.0 = Release|Any CPU
		{0BA6C120-8A49-49CD-A8BC-760D26548E7F}.Release|iPhoneSimulator.ActiveCfg = Release|Any CPU
		{0BA6C120-8A49-49CD-A8BC-760D26548E7F}.Release|iPhoneSimulator.Build.0 = Release|Any CPU
		{0BA6C120-8A49-49CD-A8BC-760D26548E7F}.Release|iPhoneSimulator.Deploy.0 = Release|Any CPU
		{0BA6C120-8A49-49CD-A8BC-760D26548E7F}.Release|x64.ActiveCfg = Release|Any CPU
		{0BA6C120-8A49-49CD-A8BC-760D26548E7F}.Release|x64.Build.0 = Release|Any CPU
		{0BA6C120-8A49-49CD-A8BC-760D26548E7F}.Release|x64.Deploy.0 = Release|Any CPU
		{0BA6C120-8A49-49CD-A8BC-760D26548E7F}.Release|x86.ActiveCfg = Release|Any CPU
		{0BA6C120-8A49-49CD-A8BC-760D26548E7F}.Release|x86.Build.0 = Release|Any CPU
		{0BA6C120-8A49-49CD-A8BC-760D26548E7F}.Release|x86.Deploy.0 = Release|Any CPU
	EndGlobalSection
	GlobalSection(SolutionProperties) = preSolution
		HideSolutionNode = FALSE
	EndGlobalSection
	GlobalSection(ExtensibilityGlobals) = postSolution
		SolutionGuid = {70C4F70E-399C-4815-AD17-5DE80CB3644F}
	EndGlobalSection
EndGlobal
